
Microsoft Visual Studio Solution File, Format Version 12.00
# Visual Studio Version 17
VisualStudioVersion = 17.5.33502.453
MinimumVisualStudioVersion = 10.0.40219.1
Project("{FAE04EC0-301F-11D3-BF4B-00C04F79EFBC}") = "Taask01", "Taask01\Taask01.csproj", "{B49341F0-159E-49D0-8D82-304CC81C2FAE}"
EndProject
Project("{FAE04EC0-301F-11D3-BF4B-00C04F79EFBC}") = "Task02", "Task02\Task02.csproj", "{58F1302E-FD39-4428-B1F2-6DEC7778EB2C}"
EndProject
Global
	GlobalSection(SolutionConfigurationPlatforms) = preSolution
		Debug|Any CPU = Debug|Any CPU
		Release|Any CPU = Release|Any CPU
	EndGlobalSection
	GlobalSection(ProjectConfigurationPlatforms) = postSolution
		{B49341F0-159E-49D0-8D82-304CC81C2FAE}.Debug|Any CPU.ActiveCfg = Debug|Any CPU
		{B49341F0-159E-49D0-8D82-304CC81C2FAE}.Debug|Any CPU.Build.0 = Debug|Any CPU
		{B49341F0-159E-49D0-8D82-304CC81C2FAE}.Release|Any CPU.ActiveCfg = Release|Any CPU
		{B49341F0-159E-49D0-8D82-304CC81C2FAE}.Release|Any CPU.Build.0 = Release|Any CPU
		{58F1302E-FD39-4428-B1F2-6DEC7778EB2C}.Debug|Any CPU.ActiveCfg = Debug|Any CPU
		{58F1302E-FD39-4428-B1F2-6DEC7778EB2C}.Debug|Any CPU.Build.0 = Debug|Any CPU
		{58F1302E-FD39-4428-B1F2-6DEC7778EB2C}.Release|Any CPU.ActiveCfg = Release|Any CPU
		{58F1302E-FD39-4428-B1F2-6DEC7778EB2C}.Release|Any CPU.Build.0 = Release|Any CPU
	EndGlobalSection
	GlobalSection(SolutionProperties) = preSolution
		HideSolutionNode = FALSE
	EndGlobalSection
	GlobalSection(ExtensibilityGlobals) = postSolution
		SolutionGuid = {9A4ED61B-5993-40F9-84BA-645E9FB67468}
	EndGlobalSection
EndGlobal
